PODS:
  - Firebase/Core (5.5.0):
    - Firebase/CoreOnly
    - FirebaseAnalytics (= 5.1.0)
  - Firebase/CoreOnly (5.5.0):
    - FirebaseCore (= 5.1.0)
  - Firebase/Database (5.5.0):
    - Firebase/CoreOnly
    - FirebaseDatabase (= 5.0.2)
  - firebase_core (0.0.1):
    - Firebase/Core
    - Flutter
  - firebase_database (0.0.1):
    - Firebase/Database
    - Flutter
  - FirebaseAnalytics (5.1.0):
    - FirebaseCore (~> 5.1)
    - FirebaseInstanceID (~> 3.2)
    - GoogleAppMeasurement (~> 5.1)
    - GoogleUtilities/AppDelegateSwizzler (~> 5.2.0)
    - GoogleUtilities/MethodSwizzler (~> 5.2.0)
    - GoogleUtilities/Network (~> 5.2)
    - GoogleUtilities/NSData+zlib (~> 5.2)
    - nanopb (~> 0.3)
  - FirebaseCore (5.1.0):
    - GoogleUtilities/Logger (~> 5.2)
  - FirebaseDatabase (5.0.2):
    - FirebaseCore (~> 5.0)
    - leveldb-library (~> 1.18)
  - FirebaseInstanceID (3.2.0):
    - FirebaseCore (~> 5.1)
    - GoogleUtilities/Environment (~> 5.2)
  - Flutter (1.0.0)
  - GoogleAppMeasurement (5.1.0):
    - GoogleUtilities/AppDelegateSwizzler (~> 5.2.0)
    - GoogleUtilities/MethodSwizzler (~> 5.2.0)
    - GoogleUtilities/Network (~> 5.2)
    - GoogleUtilities/NSData+zlib (~> 5.2)
    - nanopb (~> 0.3)
  - GoogleUtilities/AppDelegateSwizzler (5.2.1):
    - GoogleUtilities/Logger
    - GoogleUtilities/Network
  - GoogleUtilities/Environment (5.2.1)
  - GoogleUtilities/Logger (5.2.1):
    - GoogleUtilities/Environment
  - GoogleUtilities/MethodSwizzler (5.2.1):
    - GoogleUtilities/Logger
  - GoogleUtilities/Network (5.2.1):
    - GoogleUtilities/Logger
    - GoogleUtilities/NSData+zlib
    - GoogleUtilities/Reachability
  - GoogleUtilities/NSData+zlib (5.2.1)
  - GoogleUtilities/Reachability (5.2.1):
    - GoogleUtilities/Logger
  - leveldb-library (1.20)
  - nanopb (0.3.8):
    - nanopb/decode (= 0.3.8)
    - nanopb/encode (= 0.3.8)
  - nanopb/decode (0.3.8)
  - nanopb/encode (0.3.8)

DEPENDENCIES:
  - firebase_core (from `.symlinks/plugins/firebase_core/ios`)
  - firebase_database (from `.symlinks/plugins/firebase_database/ios`)
  - Flutter (from `.symlinks/flutter/ios`)

EXTERNAL SOURCES:
  firebase_core:
    :path: .symlinks/plugins/firebase_core/ios
  firebase_database:
    :path: .symlinks/plugins/firebase_database/ios
  Flutter:
    :path: .symlinks/flutter/ios

SPEC CHECKSUMS:
  Firebase: 8c957f9cb3852b519180fb378801b7eeeba4d288
  firebase_core: c96aa8b2fcf7f5167d32f22034f502f9304952b8
  firebase_database: dd62ab9f71967c9011ce2fd03a89e762dcc364df
  FirebaseAnalytics: d4a260c114aec0d765ab5b9c404ac63de1d29381
  FirebaseCore: ee4b35cf8c8e781da296cc7c15125e4608bb954d
  FirebaseDatabase: 27be5ac5bc75e0b17537b2bbfada8258addcc8cd
  FirebaseInstanceID: 8cd2c6cfe7b9ab65ce7e248f6da7f26f6775b9be
  Flutter: 9d0fac939486c9aba2809b7982dfdbb47a7b0296
  GoogleAppMeasurement: e785bdb86d3d280abc778156cec323a975f11d1d
  GoogleUtilities: 8d9fa00248c475b606fd20b562242060a20117a2
  leveldb-library: 08cba283675b7ed2d99629a4bc5fd052cd2bb6a5
  nanopb: 5601e6bca2dbf1ed831b519092ec110f66982ca3

PODFILE CHECKSUM: 1e5af4103afd21ca5ead147d7b81d06f494f51a2

COCOAPODS: 1.4.0
